// !$*UTF8*$!
{
	archiveVersion = 1;
	classes = {
	};
	objectVersion = 46;
	objects = {

/* Begin PBXBuildFile section */
		E0580CC3193F5231005130F3 /* AppDelegate.swift in Sources */ = {isa = PBXBuildFile; fileRef = E0580CC2193F5231005130F3 /* AppDelegate.swift */; };
		E0580CC5193F5231005130F3 /* ViewController.swift in Sources */ = {isa = PBXBuildFile; fileRef = E0580CC4193F5231005130F3 /* ViewController.swift */; };
		E0580CC8193F5231005130F3 /* Main.storyboard in Resources */ = {isa = PBXBuildFile; fileRef = E0580CC6193F5231005130F3 /* Main.storyboard */; };
		E0580CCA193F5231005130F3 /* Images.xcassets in Resources */ = {isa = PBXBuildFile; fileRef = E0580CC9193F5231005130F3 /* Images.xcassets */; };
		E0580CD6193F5231005130F3 /* swiftTableViewTests.swift in Sources */ = {isa = PBXBuildFile; fileRef = E0580CD5193F5231005130F3 /* swiftTableViewTests.swift */; };
/* End PBXBuildFile section */

/* Begin PBXContainerItemProxy section */
		E0580CD0193F5231005130F3 /* PBXContainerItemProxy */ = {
			isa = PBXContainerItemProxy;
			containerPortal = E0580CB5193F5231005130F3 /* Project object */;
			proxyType = 1;
			remoteGlobalIDString = E0580CBC193F5231005130F3;
			remoteInfo = swiftTableView;
		};
/* End PBXContainerItemProxy section */

/* Begin PBXFileReference section */
		E0580CBD193F5231005130F3 /* swiftTableView.app */ = {isa = PBXFileReference; explicitFileType = wrapper.application; includeInIndex = 0; path = swiftTableView.app; sourceTree = BUILT_PRODUCTS_DIR; };
		E0580CC1193F5231005130F3 /* Info.plist */ = {isa = PBXFileReference; lastKnownFileType = text.plist.xml; path = Info.plist; sourceTree = "<group>"; };
		E0580CC2193F5231005130F3 /* AppDelegate.swift */ = {isa = PBXFileReference; lastKnownFileType = sourcecode.swift; path = AppDelegate.swift; sourceTree = "<group>"; };
		E0580CC4193F5231005130F3 /* ViewController.swift */ = {isa = PBXFileReference; lastKnownFileType = sourcecode.swift; path = ViewController.swift; sourceTree = "<group>"; };
		E0580CC7193F5231005130F3 /* Base */ = {isa = PBXFileReference; lastKnownFileType = file.storyboard; name = Base; path = Base.lproj/Main.storyboard; sourceTree = "<group>"; };
		E0580CC9193F5231005130F3 /* Images.xcassets */ = {isa = PBXFileReference; lastKnownFileType = folder.assetcatalog; path = Images.xcassets; sourceTree = "<group>"; };
		E0580CCF193F5231005130F3 /* swiftTableViewTests.xctest */ = {isa = PBXFileReference; explicitFileType = wrapper.cfbundle; includeInIndex = 0; path = swiftTableViewTests.xctest; sourceTree = BUILT_PRODUCTS_DIR; };
		E0580CD4193F5231005130F3 /* Info.plist */ = {isa = PBXFileReference; lastKnownFileType = text.plist.xml; path = Info.plist; sourceTree = "<group>"; };
		E0580CD5193F5231005130F3 /* swiftTableViewTests.swift */ = {isa = PBXFileReference; lastKnownFileType = sourcecode.swift; path = swiftTableViewTests.swift; sourceTree = "<group>"; };
/* End PBXFileReference section */

/* Begin PBXFrameworksBuildPhase section */
		E0580CBA193F5231005130F3 /* Frameworks */ = {
			isa = PBXFrameworksBuildPhase;
			buildActionMask = 2147483647;
			files = (
			);
			runOnlyForDeploymentPostprocessing = 0;
		};
		E0580CCC193F5231005130F3 /* Frameworks */ = {
			isa = PBXFrameworksBuildPhase;
			buildActionMask = 2147483647;
			files = (
			);
			runOnlyForDeploymentPostprocessing = 0;
		};
/* End PBXFrameworksBuildPhase section */

/* Begin PBXGroup section */
		E0580CB4193F5231005130F3 = {
			isa = PBXGroup;
			children = (
				E0580CBF193F5231005130F3 /* swiftTableView */,
				E0580CD2193F5231005130F3 /* swiftTableViewTests */,
				E0580CBE193F5231005130F3 /* Products */,
			);
			sourceTree = "<group>";
		};
		E0580CBE193F5231005130F3 /* Products */ = {
			isa = PBXGroup;
			children = (
				E0580CBD193F5231005130F3 /* swiftTableView.app */,
				E0580CCF193F5231005130F3 /* swiftTableViewTests.xctest */,
			);
			name = Products;
			sourceTree = "<group>";
		};
		E0580CBF193F5231005130F3 /* swiftTableView */ = {
			isa = PBXGroup;
			children = (
				E0580CC2193F5231005130F3 /* AppDelegate.swift */,
				E0580CC4193F5231005130F3 /* ViewController.swift */,
				E0580CC6193F5231005130F3 /* Main.storyboard */,
				E0580CC9193F5231005130F3 /* Images.xcassets */,
				E0580CC0193F5231005130F3 /* Supporting Files */,
			);
			path = swiftTableView;
			sourceTree = "<group>";
		};
		E0580CC0193F5231005130F3 /* Supporting Files */ = {
			isa = PBXGroup;
			children = (
				E0580CC1193F5231005130F3 /* Info.plist */,
			);
			name = "Supporting Files";
			sourceTree = "<group>";
		};
		E0580CD2193F5231005130F3 /* swiftTableViewTests */ = {
			isa = PBXGroup;
			children = (
				E0580CD5193F5231005130F3 /* swiftTableViewTests.swift */,
				E0580CD3193F5231005130F3 /* Supporting Files */,
			);
			path = swiftTableViewTests;
			sourceTree = "<group>";
		};
		E0580CD3193F5231005130F3 /* Supporting Files */ = {
			isa = PBXGroup;
			children = (
				E0580CD4193F5231005130F3 /* Info.plist */,
			);
			name = "Supporting Files";
			sourceTree = "<group>";
		};
/* End PBXGroup section */

/* Begin PBXNativeTarget section */
		E0580CBC193F5231005130F3 /* swiftTableView */ = {
			isa = PBXNativeTarget;
			buildConfigurationList = E0580CD9193F5231005130F3 /* Build configuration list for PBXNativeTarget "swiftTableView" */;
			buildPhases = (
				E0580CB9193F5231005130F3 /* Sources */,
				E0580CBA193F5231005130F3 /* Frameworks */,
				E0580CBB193F5231005130F3 /* Resources */,
			);
			buildRules = (
			);
			dependencies = (
			);
			name = swiftTableView;
			productName = swiftTableView;
			productReference = E0580CBD193F5231005130F3 /* swiftTableView.app */;
			productType = "com.apple.product-type.application";
		};
		E0580CCE193F5231005130F3 /* swiftTableViewTests */ = {
			isa = PBXNativeTarget;
			buildConfigurationList = E0580CDC193F5231005130F3 /* Build configuration list for PBXNativeTarget "swiftTableViewTests" */;
			buildPhases = (
				E0580CCB193F5231005130F3 /* Sources */,
				E0580CCC193F5231005130F3 /* Frameworks */,
				E0580CCD193F5231005130F3 /* Resources */,
			);
			buildRules = (
			);
			dependencies = (
				E0580CD1193F5231005130F3 /* PBXTargetDependency */,
			);
			name = swiftTableViewTests;
			productName = swiftTableViewTests;
			productReference = E0580CCF193F5231005130F3 /* swiftTableViewTests.xctest */;
			productType = "com.apple.product-type.bundle.unit-test";
		};
/* End PBXNativeTarget section */

/* Begin PBXProject section */
		E0580CB5193F5231005130F3 /* Project object */ = {
			isa = PBXProject;
			attributes = {
				LastUpgradeCheck = 0600;
				ORGANIZATIONNAME = Chi;
				TargetAttributes = {
					E0580CBC193F5231005130F3 = {
						CreatedOnToolsVersion = 6.0;
					};
					E0580CCE193F5231005130F3 = {
						CreatedOnToolsVersion = 6.0;
						TestTargetID = E0580CBC193F5231005130F3;
					};
				};
			};
			buildConfigurationList = E0580CB8193F5231005130F3 /* Build configuration list for PBXProject "swiftTableView" */;
			compatibilityVersion = "Xcode 3.2";
			developmentRegion = English;
			hasScannedForEncodings = 0;
			knownRegions = (
				en,
				Base,
			);
			mainGroup = E0580CB4193F5231005130F3;
			productRefGroup = E0580CBE193F5231005130F3 /* Products */;
			projectDirPath = "";
			projectRoot = "";
			targets = (
				E0580CBC193F5231005130F3 /* swiftTableView */,
				E0580CCE193F5231005130F3 /* swiftTableViewTests */,
			);
		};
/* End PBXProject section */

/* Begin PBXResourcesBuildPhase section */
		E0580CBB193F5231005130F3 /* Resources */ = {
			isa = PBXResourcesBuildPhase;
			buildActionMask = 2147483647;
			files = (
				E0580CC8193F5231005130F3 /* Main.storyboard in Resources */,
				E0580CCA193F5231005130F3 /* Images.xcassets in Resources */,
			);
			runOnlyForDeploymentPostprocessing = 0;
		};
		E0580CCD193F5231005130F3 /* Resources */ = {
			isa = PBXResourcesBuildPhase;
			buildActionMask = 2147483647;
			files = (
			);
			runOnlyForDeploymentPostprocessing = 0;
		};
/* End PBXResourcesBuildPhase section */

/* Begin PBXSourcesBuildPhase section */
		E0580CB9193F5231005130F3 /* Sources */ = {
			isa = PBXSourcesBuildPhase;
			buildActionMask = 2147483647;
			files = (
				E0580CC5193F5231005130F3 /* ViewController.swift in Sources */,
				E0580CC3193F5231005130F3 /* AppDelegate.swift in Sources */,
			);
			runOnlyForDeploymentPostprocessing = 0;
		};
		E0580CCB193F5231005130F3 /* Sources */ = {
			isa = PBXSourcesBuildPhase;
			buildActionMask = 2147483647;
			files = (
				E0580CD6193F5231005130F3 /* swiftTableViewTests.swift in Sources */,
			);
			runOnlyForDeploymentPostprocessing = 0;
		};
/* End PBXSourcesBuildPhase section */

/* Begin PBXTargetDependency section */
		E0580CD1193F5231005130F3 /* PBXTargetDependency */ = {
			isa = PBXTargetDependency;
			target = E0580CBC193F5231005130F3 /* swiftTableView */;
			targetProxy = E0580CD0193F5231005130F3 /* PBXContainerItemProxy */;
		};
/* End PBXTargetDependency section */

/* Begin PBXVariantGroup section */
		E0580CC6193F5231005130F3 /* Main.storyboard */ = {
			isa = PBXVariantGroup;
			children = (
				E0580CC7193F5231005130F3 /* Base */,
			);
			name = Main.storyboard;
			sourceTree = "<group>";
		};
/* End PBXVariantGroup section */

/* Begin XCBuildConfiguration section */
		E0580CD7193F5231005130F3 /* Debug */ = {
			isa = XCBuildConfiguration;
			buildSettings = {
				ALWAYS_SEARCH_USER_PATHS = NO;
				CLANG_CXX_LANGUAGE_STANDARD = "gnu++0x";
				CLANG_CXX_LIBRARY = "libc++";
				CLANG_ENABLE_MODULES = YES;
				CLANG_ENABLE_OBJC_ARC = YES;
				CLANG_WARN_BOOL_CONVERSION = YES;
				CLANG_WARN_CONSTANT_CONVERSION = YES;
				CLANG_WARN_DIRECT_OBJC_ISA_USAGE = YES_ERROR;
				CLANG_WARN_EMPTY_BODY = YES;
				CLANG_WARN_ENUM_CONVERSION = YES;
				CLANG_WARN_INT_CONVERSION = YES;
				CLANG_WARN_OBJC_ROOT_CLASS = YES_ERROR;
				CLANG_WARN_UNREACHABLE_CODE = YES;
				CLANG_WARN__DUPLICATE_METHOD_MATCH = YES;
				"CODE_SIGN_IDENTITY[sdk=iphoneos*]" = "iPhone Developer";
				COPY_PHASE_STRIP = NO;
				ENABLE_STRICT_OBJC_MSGSEND = YES;
				GCC_C_LANGUAGE_STANDARD = gnu99;
				GCC_DYNAMIC_NO_PIC = NO;
				GCC_OPTIMIZATION_LEVEL = 0;
				GCC_PREPROCESSOR_DEFINITIONS = (
					"DEBUG=1",
					"$(inherited)",
				);
				GCC_SYMBOLS_PRIVATE_EXTERN = NO;
				GCC_WARN_64_TO_32_BIT_CONVERSION = YES;
				GCC_WARN_ABOUT_RETURN_TYPE = YES_ERROR;
				GCC_WARN_UNDECLARED_SELECTOR = YES;
				GCC_WARN_UNINITIALIZED_AUTOS = YES_AGGRESSIVE;
				GCC_WARN_UNUSED_FUNCTION = YES;
				GCC_WARN_UNUSED_VARIABLE = YES;
				IPHONEOS_DEPLOYMENT_TARGET = 8.0;
				METAL_ENABLE_DEBUG_INFO = YES;
				ONLY_ACTIVE_ARCH = YES;
				SDKROOT = iphoneos;
				SWIFT_OPTIMIZATION_LEVEL = "-Onone";
			};
			name = Debug;
		};
		E0580CD8193F5231005130F3 /* Release */ = {
			isa = XCBuildConfiguration;
			buildSettings = {
				ALWAYS_SEARCH_USER_PATHS = NO;
				CLANG_CXX_LANGUAGE_STANDARD = "gnu++0x";
				CLANG_CXX_LIBRARY = "libc++";
				CLANG_ENABLE_MODULES = YES;
				CLANG_ENABLE_OBJC_ARC = YES;
				CLANG_WARN_BOOL_CONVERSION = YES;
				CLANG_WARN_CONSTANT_CONVERSION = YES;
				CLANG_WARN_DIRECT_OBJC_ISA_USAGE = YES_ERROR;
				CLANG_WARN_EMPTY_BODY = YES;
				CLANG_WARN_ENUM_CONVERSION = YES;
				CLANG_WARN_INT_CONVERSION = YES;
				CLANG_WARN_OBJC_ROOT_CLASS = YES_ERROR;
				CLANG_WARN_UNREACHABLE_CODE = YES;
				CLANG_WARN__DUPLICATE_METHOD_MATCH = YES;
				"CODE_SIGN_IDENTITY[sdk=iphoneos*]" = "iPhone Developer";
				COPY_PHASE_STRIP = YES;
				ENABLE_NS_ASSERTIONS = NO;
				ENABLE_STRICT_OBJC_MSGSEND = YES;
				GCC_C_LANGUAGE_STANDARD = gnu99;
				GCC_WARN_64_TO_32_BIT_CONVERSION = YES;
				GCC_WARN_ABOUT_RETURN_TYPE = YES_ERROR;
				GCC_WARN_UNDECLARED_SELECTOR = YES;
				GCC_WARN_UNINITIALIZED_AUTOS = YES_AGGRESSIVE;
				GCC_WARN_UNUSED_FUNCTION = YES;
				GCC_WARN_UNUSED_VARIABLE = YES;
				IPHONEOS_DEPLOYMENT_TARGET = 8.0;
				METAL_ENABLE_DEBUG_INFO = NO;
				SDKROOT = iphoneos;
				VALIDATE_PRODUCT = YES;
			};
			name = Release;
		};
		E0580CDA193F5231005130F3 /* Debug */ = {
			isa = XCBuildConfiguration;
			buildSettings = {
				ASSETCATALOG_COMPILER_APPICON_NAME = AppIcon;
				ASSETCATALOG_COMPILER_LAUNCHIMAGE_NAME = LaunchImage;
				INFOPLIST_FILE = swiftTableView/Info.plist;
				LD_RUNPATH_SEARCH_PATHS = "$(inherited) @executable_path/Frameworks";
				PRODUCT_NAME = "$(TARGET_NAME)";
			};
			name = Debug;
		};
		E0580CDB193F5231005130F3 /* Release */ = {
			isa = XCBuildConfiguration;
			buildSettings = {
				ASSETCATALOG_COMPILER_APPICON_NAME = AppIcon;
				ASSETCATALOG_COMPILER_LAUNCHIMAGE_NAME = LaunchImage;
				INFOPLIST_FILE = swiftTableView/Info.plist;
				LD_RUNPATH_SEARCH_PATHS = "$(inherited) @executable_path/Frameworks";
				PRODUCT_NAME = "$(TARGET_NAME)";
			};
			name = Release;
		};
		E0580CDD193F5231005130F3 /* Debug */ = {
			isa = XCBuildConfiguration;
			buildSettings = {
				BUNDLE_LOADER = "$(BUILT_PRODUCTS_DIR)/swiftTableView.app/swiftTableView";
				FRAMEWORK_SEARCH_PATHS = (
					"$(SDKROOT)/Developer/Library/Frameworks",
					"$(inherited)",
				);
				GCC_PREPROCESSOR_DEFINITIONS = (
					"DEBUG=1",
					"$(inherited)",
				);
				INFOPLIST_FILE = swiftTableViewTests/Info.plist;
				LD_RUNPATH_SEARCH_PATHS = "$(inherited) @executable_path/Frameworks @loader_path/Frameworks";
				METAL_ENABLE_DEBUG_INFO = YES;
				PRODUCT_NAME = "$(TARGET_NAME)";
				TEST_HOST = "$(BUNDLE_LOADER)";
			};
			name = Debug;
		};
		E0580CDE193F5231005130F3 /* Release */ = {
			isa = XCBuildConfiguration;
			buildSettings = {
				BUNDLE_LOADER = "$(BUILT_PRODUCTS_DIR)/swiftTableView.app/swiftTableView";
				FRAMEWORK_SEARCH_PATHS = (
					"$(SDKROOT)/Developer/Library/Frameworks",
					"$(inherited)",
				);
				INFOPLIST_FILE = swiftTableViewTests/Info.plist;
				LD_RUNPATH_SEARCH_PATHS = "$(inherited) @executable_path/Frameworks @loader_path/Frameworks";
				METAL_ENABLE_DEBUG_INFO = NO;
				PRODUCT_NAME = "$(TARGET_NAME)";
				TEST_HOST = "$(BUNDLE_LOADER)";
			};
			name = Release;
		};
/* End XCBuildConfiguration section */

/* Begin XCConfigurationList section */
		E0580CB8193F5231005130F3 /* Build configuration list for PBXProject "swiftTableView" */ = {
			isa = XCConfigurationList;
			buildConfigurations = (
				E0580CD7193F5231005130F3 /* Debug */,
				E0580CD8193F5231005130F3 /* Release */,
			);
			defaultConfigurationIsVisible = 0;
			defaultConfigurationName = Release;
		};
		E0580CD9193F5231005130F3 /* Build configuration list for PBXNativeTarget "swiftTableView" */ = {
			isa = XCConfigurationList;
			buildConfigurations = (
				E0580CDA193F5231005130F3 /* Debug */,
				E0580CDB193F5231005130F3 /* Release */,
			);
			defaultConfigurationIsVisible = 0;
		};
		E0580CDC193F5231005130F3 /* Build configuration list for PBXNativeTarget "swiftTableViewTests" */ = {
			isa = XCConfigurationList;
			buildConfigurations = (
				E0580CDD193F5231005130F3 /* Debug */,
				E0580CDE193F5231005130F3 /* Release */,
			);
			defaultConfigurationIsVisible = 0;
		};
/* End XCConfigurationList section */
	};
	rootObject = E0580CB5193F5231005130F3 /* Project object */;
}
